
Microsoft Visual Studio Solution File, Format Version 12.00
Project("{FAE04EC0-301F-11D3-BF4B-00C04F79EFBC}") = "MyEducationPlan", "MyEducationPlan\MyEducationPlan.csproj", "{FEB4E9A5-A9D1-4396-957A-994F07447D2A}"
EndProject
Global
	GlobalSection(SolutionConfigurationPlatforms) = preSolution
		Debug|Any CPU = Debug|Any CPU
		Release|Any CPU = Release|Any CPU
	EndGlobalSection
	GlobalSection(ProjectConfigurationPlatforms) = postSolution
		{FEB4E9A5-A9D1-4396-957A-994F07447D2A}.Debug|Any CPU.ActiveCfg = Debug|Any CPU
		{FEB4E9A5-A9D1-4396-957A-994F07447D2A}.Debug|Any CPU.Build.0 = Debug|Any CPU
		{FEB4E9A5-A9D1-4396-957A-994F07447D2A}.Release|Any CPU.ActiveCfg = Release|Any CPU
		{FEB4E9A5-A9D1-4396-957A-994F07447D2A}.Release|Any CPU.Build.0 = Release|Any CPU
	EndGlobalSection
EndGlobal
